// !$*UTF8*$!
{
	archiveVersion = 1;
	classes = {
	};
	objectVersion = 56;
	objects = {

/* Begin PBXBuildFile section */
		0D655B0C2AD877EA0079493C /* Singer+CoreDataClass.swift in Sources */ = {isa = PBXBuildFile; fileRef = 0D655B0A2AD877EA0079493C /* Singer+CoreDataClass.swift */; };
		0D655B0D2AD877EA0079493C /* Singer+CoreDataProperties.swift in Sources */ = {isa = PBXBuildFile; fileRef = 0D655B0B2AD877EA0079493C /* Singer+CoreDataProperties.swift */; };
		0D655B102AD87BCB0079493C /* FilteredList.swift in Sources */ = {isa = PBXBuildFile; fileRef = 0D655B0F2AD87BCB0079493C /* FilteredList.swift */; };
		0D655B152AD8BC510079493C /* Country+CoreDataClass.swift in Sources */ = {isa = PBXBuildFile; fileRef = 0D655B112AD8BC510079493C /* Country+CoreDataClass.swift */; };
		0D655B162AD8BC510079493C /* Country+CoreDataProperties.swift in Sources */ = {isa = PBXBuildFile; fileRef = 0D655B122AD8BC510079493C /* Country+CoreDataProperties.swift */; };
		0D655B172AD8BC510079493C /* Candy+CoreDataClass.swift in Sources */ = {isa = PBXBuildFile; fileRef = 0D655B132AD8BC510079493C /* Candy+CoreDataClass.swift */; };
		0D655B182AD8BC510079493C /* Candy+CoreDataProperties.swift in Sources */ = {isa = PBXBuildFile; fileRef = 0D655B142AD8BC510079493C /* Candy+CoreDataProperties.swift */; };
		0D9DF5BB2AD79EBB00BF8783 /* CoreDataProjectApp.swift in Sources */ = {isa = PBXBuildFile; fileRef = 0D9DF5BA2AD79EBB00BF8783 /* CoreDataProjectApp.swift */; };
		0D9DF5BD2AD79EBB00BF8783 /* ContentView.swift in Sources */ = {isa = PBXBuildFile; fileRef = 0D9DF5BC2AD79EBB00BF8783 /* ContentView.swift */; };
		0D9DF5BF2AD79EBD00BF8783 /* Assets.xcassets in Resources */ = {isa = PBXBuildFile; fileRef = 0D9DF5BE2AD79EBD00BF8783 /* Assets.xcassets */; };
		0D9DF5C22AD79EBD00BF8783 /* Preview Assets.xcassets in Resources */ = {isa = PBXBuildFile; fileRef = 0D9DF5C12AD79EBD00BF8783 /* Preview Assets.xcassets */; };
		0D9DF5CA2AD79F9600BF8783 /* CoreDataProject.xcdatamodeld in Sources */ = {isa = PBXBuildFile; fileRef = 0D9DF5C82AD79F9600BF8783 /* CoreDataProject.xcdatamodeld */; };
		0DABC8FB2AD79FE00043C11D /* DataController.swift in Sources */ = {isa = PBXBuildFile; fileRef = 0DABC8FA2AD79FE00043C11D /* DataController.swift */; };
		0DABC8FE2AD7A31C0043C11D /* Movie+CoreDataClass.swift in Sources */ = {isa = PBXBuildFile; fileRef = 0DABC8FC2AD7A31C0043C11D /* Movie+CoreDataClass.swift */; };
		0DABC8FF2AD7A31C0043C11D /* Movie+CoreDataProperties.swift in Sources */ = {isa = PBXBuildFile; fileRef = 0DABC8FD2AD7A31C0043C11D /* Movie+CoreDataProperties.swift */; };
/* End PBXBuildFile section */

/* Begin PBXFileReference section */
		0D655B0A2AD877EA0079493C /* Singer+CoreDataClass.swift */ = {isa = PBXFileReference; lastKnownFileType = sourcecode.swift; path = "Singer+CoreDataClass.swift"; sourceTree = "<group>"; };
		0D655B0B2AD877EA0079493C /* Singer+CoreDataProperties.swift */ = {isa = PBXFileReference; lastKnownFileType = sourcecode.swift; path = "Singer+CoreDataProperties.swift"; sourceTree = "<group>"; };
		0D655B0F2AD87BCB0079493C /* FilteredList.swift */ = {isa = PBXFileReference; lastKnownFileType = sourcecode.swift; path = FilteredList.swift; sourceTree = "<group>"; };
		0D655B112AD8BC510079493C /* Country+CoreDataClass.swift */ = {isa = PBXFileReference; lastKnownFileType = sourcecode.swift; path = "Country+CoreDataClass.swift"; sourceTree = "<group>"; };
		0D655B122AD8BC510079493C /* Country+CoreDataProperties.swift */ = {isa = PBXFileReference; lastKnownFileType = sourcecode.swift; path = "Country+CoreDataProperties.swift"; sourceTree = "<group>"; };
		0D655B132AD8BC510079493C /* Candy+CoreDataClass.swift */ = {isa = PBXFileReference; lastKnownFileType = sourcecode.swift; path = "Candy+CoreDataClass.swift"; sourceTree = "<group>"; };
		0D655B142AD8BC510079493C /* Candy+CoreDataProperties.swift */ = {isa = PBXFileReference; lastKnownFileType = sourcecode.swift; path = "Candy+CoreDataProperties.swift"; sourceTree = "<group>"; };
		0D9DF5B72AD79EBB00BF8783 /* CoreDataProject.app */ = {isa = PBXFileReference; explicitFileType = wrapper.application; includeInIndex = 0; path = CoreDataProject.app; sourceTree = BUILT_PRODUCTS_DIR; };
		0D9DF5BA2AD79EBB00BF8783 /* CoreDataProjectApp.swift */ = {isa = PBXFileReference; lastKnownFileType = sourcecode.swift; path = CoreDataProjectApp.swift; sourceTree = "<group>"; };
		0D9DF5BC2AD79EBB00BF8783 /* ContentView.swift */ = {isa = PBXFileReference; lastKnownFileType = sourcecode.swift; path = ContentView.swift; sourceTree = "<group>"; };
		0D9DF5BE2AD79EBD00BF8783 /* Assets.xcassets */ = {isa = PBXFileReference; lastKnownFileType = folder.assetcatalog; path = Assets.xcassets; sourceTree = "<group>"; };
		0D9DF5C12AD79EBD00BF8783 /* Preview Assets.xcassets */ = {isa = PBXFileReference; lastKnownFileType = folder.assetcatalog; path = "Preview Assets.xcassets"; sourceTree = "<group>"; };
		0D9DF5C92AD79F9600BF8783 /* CoreDataProject.xcdatamodel */ = {isa = PBXFileReference; lastKnownFileType = wrapper.xcdatamodel; path = CoreDataProject.xcdatamodel; sourceTree = "<group>"; };
		0DABC8FA2AD79FE00043C11D /* DataController.swift */ = {isa = PBXFileReference; lastKnownFileType = sourcecode.swift; path = DataController.swift; sourceTree = "<group>"; };
		0DABC8FC2AD7A31C0043C11D /* Movie+CoreDataClass.swift */ = {isa = PBXFileReference; lastKnownFileType = sourcecode.swift; name = "Movie+CoreDataClass.swift"; path = "CoreDataProject/Utils/Movie+CoreDataClass.swift"; sourceTree = SOURCE_ROOT; };
		0DABC8FD2AD7A31C0043C11D /* Movie+CoreDataProperties.swift */ = {isa = PBXFileReference; lastKnownFileType = sourcecode.swift; name = "Movie+CoreDataProperties.swift"; path = "CoreDataProject/Utils/Movie+CoreDataProperties.swift"; sourceTree = SOURCE_ROOT; };
/* End PBXFileReference section */

/* Begin PBXFrameworksBuildPhase section */
		0D9DF5B42AD79EBB00BF8783 /* Frameworks */ = {
			isa = PBXFrameworksBuildPhase;
			buildActionMask = 2147483647;
			files = (
			);
			runOnlyForDeploymentPostprocessing = 0;
		};
/* End PBXFrameworksBuildPhase section */

/* Begin PBXGroup section */
		0D655B0E2AD87BA90079493C /* Views */ = {
			isa = PBXGroup;
			children = (
				0D9DF5BC2AD79EBB00BF8783 /* ContentView.swift */,
				0D655B0F2AD87BCB0079493C /* FilteredList.swift */,
			);
			path = Views;
			sourceTree = "<group>";
		};
		0D9DF5AE2AD79EBB00BF8783 = {
			isa = PBXGroup;
			children = (
				0D9DF5B92AD79EBB00BF8783 /* CoreDataProject */,
				0D9DF5B82AD79EBB00BF8783 /* Products */,
			);
			sourceTree = "<group>";
		};
		0D9DF5B82AD79EBB00BF8783 /* Products */ = {
			isa = PBXGroup;
			children = (
				0D9DF5B72AD79EBB00BF8783 /* CoreDataProject.app */,
			);
			name = Products;
			sourceTree = "<group>";
		};
		0D9DF5B92AD79EBB00BF8783 /* CoreDataProject */ = {
			isa = PBXGroup;
			children = (
				0D655B0E2AD87BA90079493C /* Views */,
				0D9DF5CB2AD79FAB00BF8783 /* Utils */,
				0D9DF5BA2AD79EBB00BF8783 /* CoreDataProjectApp.swift */,
				0D9DF5BE2AD79EBD00BF8783 /* Assets.xcassets */,
				0D9DF5C02AD79EBD00BF8783 /* Preview Content */,
				0D9DF5C82AD79F9600BF8783 /* CoreDataProject.xcdatamodeld */,
			);
			path = CoreDataProject;
			sourceTree = "<group>";
		};
		0D9DF5C02AD79EBD00BF8783 /* Preview Content */ = {
			isa = PBXGroup;
			children = (
				0D9DF5C12AD79EBD00BF8783 /* Preview Assets.xcassets */,
			);
			path = "Preview Content";
			sourceTree = "<group>";
		};
		0D9DF5CB2AD79FAB00BF8783 /* Utils */ = {
			isa = PBXGroup;
			children = (
				0D655B112AD8BC510079493C /* Country+CoreDataClass.swift */,
				0D655B122AD8BC510079493C /* Country+CoreDataProperties.swift */,
				0D655B132AD8BC510079493C /* Candy+CoreDataClass.swift */,
				0D655B142AD8BC510079493C /* Candy+CoreDataProperties.swift */,
				0D655B0A2AD877EA0079493C /* Singer+CoreDataClass.swift */,
				0D655B0B2AD877EA0079493C /* Singer+CoreDataProperties.swift */,
				0DABC8FC2AD7A31C0043C11D /* Movie+CoreDataClass.swift */,
				0DABC8FD2AD7A31C0043C11D /* Movie+CoreDataProperties.swift */,
				0DABC8FA2AD79FE00043C11D /* DataController.swift */,
			);
			path = Utils;
			sourceTree = "<group>";
		};
/* End PBXGroup section */

/* Begin PBXNativeTarget section */
		0D9DF5B62AD79EBB00BF8783 /* CoreDataProject */ = {
			isa = PBXNativeTarget;
			buildConfigurationList = 0D9DF5C52AD79EBD00BF8783 /* Build configuration list for PBXNativeTarget "CoreDataProject" */;
			buildPhases = (
				0D9DF5B32AD79EBB00BF8783 /* Sources */,
				0D9DF5B42AD79EBB00BF8783 /* Frameworks */,
				0D9DF5B52AD79EBB00BF8783 /* Resources */,
			);
			buildRules = (
			);
			dependencies = (
			);
			name = CoreDataProject;
			productName = CoreDataProject;
			productReference = 0D9DF5B72AD79EBB00BF8783 /* CoreDataProject.app */;
			productType = "com.apple.product-type.application";
		};
/* End PBXNativeTarget section */

/* Begin PBXProject section */
		0D9DF5AF2AD79EBB00BF8783 /* Project object */ = {
			isa = PBXProject;
			attributes = {
				BuildIndependentTargetsInParallel = 1;
				LastSwiftUpdateCheck = 1510;
				LastUpgradeCheck = 1510;
				TargetAttributes = {
					0D9DF5B62AD79EBB00BF8783 = {
						CreatedOnToolsVersion = 15.1;
					};
				};
			};
			buildConfigurationList = 0D9DF5B22AD79EBB00BF8783 /* Build configuration list for PBXProject "CoreDataProject" */;
			compatibilityVersion = "Xcode 14.0";
			developmentRegion = en;
			hasScannedForEncodings = 0;
			knownRegions = (
				en,
				Base,
			);
			mainGroup = 0D9DF5AE2AD79EBB00BF8783;
			productRefGroup = 0D9DF5B82AD79EBB00BF8783 /* Products */;
			projectDirPath = "";
			projectRoot = "";
			targets = (
				0D9DF5B62AD79EBB00BF8783 /* CoreDataProject */,
			);
		};
/* End PBXProject section */

/* Begin PBXResourcesBuildPhase section */
		0D9DF5B52AD79EBB00BF8783 /* Resources */ = {
			isa = PBXResourcesBuildPhase;
			buildActionMask = 2147483647;
			files = (
				0D9DF5C22AD79EBD00BF8783 /* Preview Assets.xcassets in Resources */,
				0D9DF5BF2AD79EBD00BF8783 /* Assets.xcassets in Resources */,
			);
			runOnlyForDeploymentPostprocessing = 0;
		};
/* End PBXResourcesBuildPhase section */

/* Begin PBXSourcesBuildPhase section */
		0D9DF5B32AD79EBB00BF8783 /* Sources */ = {
			isa = PBXSourcesBuildPhase;
			buildActionMask = 2147483647;
			files = (
				0D655B0C2AD877EA0079493C /* Singer+CoreDataClass.swift in Sources */,
				0D9DF5BD2AD79EBB00BF8783 /* ContentView.swift in Sources */,
				0D655B102AD87BCB0079493C /* FilteredList.swift in Sources */,
				0DABC8FB2AD79FE00043C11D /* DataController.swift in Sources */,
				0D9DF5BB2AD79EBB00BF8783 /* CoreDataProjectApp.swift in Sources */,
				0D655B182AD8BC510079493C /* Candy+CoreDataProperties.swift in Sources */,
				0DABC8FE2AD7A31C0043C11D /* Movie+CoreDataClass.swift in Sources */,
				0D655B162AD8BC510079493C /* Country+CoreDataProperties.swift in Sources */,
				0D655B0D2AD877EA0079493C /* Singer+CoreDataProperties.swift in Sources */,
				0DABC8FF2AD7A31C0043C11D /* Movie+CoreDataProperties.swift in Sources */,
				0D655B152AD8BC510079493C /* Country+CoreDataClass.swift in Sources */,
				0D9DF5CA2AD79F9600BF8783 /* CoreDataProject.xcdatamodeld in Sources */,
				0D655B172AD8BC510079493C /* Candy+CoreDataClass.swift in Sources */,
			);
			runOnlyForDeploymentPostprocessing = 0;
		};
/* End PBXSourcesBuildPhase section */

/* Begin XCBuildConfiguration section */
		0D9DF5C32AD79EBD00BF8783 /* Debug */ = {
			isa = XCBuildConfiguration;
			buildSettings = {
				ALWAYS_SEARCH_USER_PATHS = NO;
				ASSETCATALOG_COMPILER_GENERATE_SWIFT_ASSET_SYMBOL_EXTENSIONS = YES;
				CLANG_ANALYZER_NONNULL = YES;
				CLANG_ANALYZER_NUMBER_OBJECT_CONVERSION = YES_AGGRESSIVE;
				CLANG_CXX_LANGUAGE_STANDARD = "gnu++20";
				CLANG_ENABLE_MODULES = YES;
				CLANG_ENABLE_OBJC_ARC = YES;
				CLANG_ENABLE_OBJC_WEAK = YES;
				CLANG_WARN_BLOCK_CAPTURE_AUTORELEASING = YES;
				CLANG_WARN_BOOL_CONVERSION = YES;
				CLANG_WARN_COMMA = YES;
				CLANG_WARN_CONSTANT_CONVERSION = YES;
				CLANG_WARN_DEPRECATED_OBJC_IMPLEMENTATIONS = YES;
				CLANG_WARN_DIRECT_OBJC_ISA_USAGE = YES_ERROR;
				CLANG_WARN_DOCUMENTATION_COMMENTS = YES;
				CLANG_WARN_EMPTY_BODY = YES;
				CLANG_WARN_ENUM_CONVERSION = YES;
				CLANG_WARN_INFINITE_RECURSION = YES;
				CLANG_WARN_INT_CONVERSION = YES;
				CLANG_WARN_NON_LITERAL_NULL_CONVERSION = YES;
				CLANG_WARN_OBJC_IMPLICIT_RETAIN_SELF = YES;
				CLANG_WARN_OBJC_LITERAL_CONVERSION = YES;
				CLANG_WARN_OBJC_ROOT_CLASS = YES_ERROR;
				CLANG_WARN_QUOTED_INCLUDE_IN_FRAMEWORK_HEADER = YES;
				CLANG_WARN_RANGE_LOOP_ANALYSIS = YES;
				CLANG_WARN_STRICT_PROTOTYPES = YES;
				CLANG_WARN_SUSPICIOUS_MOVE = YES;
				CLANG_WARN_UNGUARDED_AVAILABILITY = YES_AGGRESSIVE;
				CLANG_WARN_UNREACHABLE_CODE = YES;
				CLANG_WARN__DUPLICATE_METHOD_MATCH = YES;
				COPY_PHASE_STRIP = NO;
				DEBUG_INFORMATION_FORMAT = dwarf;
				ENABLE_STRICT_OBJC_MSGSEND = YES;
				ENABLE_TESTABILITY = YES;
				ENABLE_USER_SCRIPT_SANDBOXING = YES;
				GCC_C_LANGUAGE_STANDARD = gnu17;
				GCC_DYNAMIC_NO_PIC = NO;
				GCC_NO_COMMON_BLOCKS = YES;
				GCC_OPTIMIZATION_LEVEL = 0;
				GCC_PREPROCESSOR_DEFINITIONS = (
					"DEBUG=1",
					"$(inherited)",
				);
				GCC_WARN_64_TO_32_BIT_CONVERSION = YES;
				GCC_WARN_ABOUT_RETURN_TYPE = YES_ERROR;
				GCC_WARN_UNDECLARED_SELECTOR = YES;
				GCC_WARN_UNINITIALIZED_AUTOS = YES_AGGRESSIVE;
				GCC_WARN_UNUSED_FUNCTION = YES;
				GCC_WARN_UNUSED_VARIABLE = YES;
				IPHONEOS_DEPLOYMENT_TARGET = 17.0;
				LOCALIZATION_PREFERS_STRING_CATALOGS = YES;
				MTL_ENABLE_DEBUG_INFO = INCLUDE_SOURCE;
				MTL_FAST_MATH = YES;
				ONLY_ACTIVE_ARCH = YES;
				SDKROOT = iphoneos;
				SWIFT_ACTIVE_COMPILATION_CONDITIONS = "DEBUG $(inherited)";
				SWIFT_OPTIMIZATION_LEVEL = "-Onone";
			};
			name = Debug;
		};
		0D9DF5C42AD79EBD00BF8783 /* Release */ = {
			isa = XCBuildConfiguration;
			buildSettings = {
				ALWAYS_SEARCH_USER_PATHS = NO;
				ASSETCATALOG_COMPILER_GENERATE_SWIFT_ASSET_SYMBOL_EXTENSIONS = YES;
				CLANG_ANALYZER_NONNULL = YES;
				CLANG_ANALYZER_NUMBER_OBJECT_CONVERSION = YES_AGGRESSIVE;
				CLANG_CXX_LANGUAGE_STANDARD = "gnu++20";
				CLANG_ENABLE_MODULES = YES;
				CLANG_ENABLE_OBJC_ARC = YES;
				CLANG_ENABLE_OBJC_WEAK = YES;
				CLANG_WARN_BLOCK_CAPTURE_AUTORELEASING = YES;
				CLANG_WARN_BOOL_CONVERSION = YES;
				CLANG_WARN_COMMA = YES;
				CLANG_WARN_CONSTANT_CONVERSION = YES;
				CLANG_WARN_DEPRECATED_OBJC_IMPLEMENTATIONS = YES;
				CLANG_WARN_DIRECT_OBJC_ISA_USAGE = YES_ERROR;
				CLANG_WARN_DOCUMENTATION_COMMENTS = YES;
				CLANG_WARN_EMPTY_BODY = YES;
				CLANG_WARN_ENUM_CONVERSION = YES;
				CLANG_WARN_INFINITE_RECURSION = YES;
				CLANG_WARN_INT_CONVERSION = YES;
				CLANG_WARN_NON_LITERAL_NULL_CONVERSION = YES;
				CLANG_WARN_OBJC_IMPLICIT_RETAIN_SELF = YES;
				CLANG_WARN_OBJC_LITERAL_CONVERSION = YES;
				CLANG_WARN_OBJC_ROOT_CLASS = YES_ERROR;
				CLANG_WARN_QUOTED_INCLUDE_IN_FRAMEWORK_HEADER = YES;
				CLANG_WARN_RANGE_LOOP_ANALYSIS = YES;
				CLANG_WARN_STRICT_PROTOTYPES = YES;
				CLANG_WARN_SUSPICIOUS_MOVE = YES;
				CLANG_WARN_UNGUARDED_AVAILABILITY = YES_AGGRESSIVE;
				CLANG_WARN_UNREACHABLE_CODE = YES;
				CLANG_WARN__DUPLICATE_METHOD_MATCH = YES;
				COPY_PHASE_STRIP = NO;
				DEBUG_INFORMATION_FORMAT = "dwarf-with-dsym";
				ENABLE_NS_ASSERTIONS = NO;
				ENABLE_STRICT_OBJC_MSGSEND = YES;
				ENABLE_USER_SCRIPT_SANDBOXING = YES;
				GCC_C_LANGUAGE_STANDARD = gnu17;
				GCC_NO_COMMON_BLOCKS = YES;
				GCC_WARN_64_TO_32_BIT_CONVERSION = YES;
				GCC_WARN_ABOUT_RETURN_TYPE = YES_ERROR;
				GCC_WARN_UNDECLARED_SELECTOR = YES;
				GCC_WARN_UNINITIALIZED_AUTOS = YES_AGGRESSIVE;
				GCC_WARN_UNUSED_FUNCTION = YES;
				GCC_WARN_UNUSED_VARIABLE = YES;
				IPHONEOS_DEPLOYMENT_TARGET = 17.0;
				LOCALIZATION_PREFERS_STRING_CATALOGS = YES;
				MTL_ENABLE_DEBUG_INFO = NO;
				MTL_FAST_MATH = YES;
				SDKROOT = iphoneos;
				SWIFT_COMPILATION_MODE = wholemodule;
				VALIDATE_PRODUCT = YES;
			};
			name = Release;
		};
		0D9DF5C62AD79EBD00BF8783 /* Debug */ = {
			isa = XCBuildConfiguration;
			buildSettings = {
				ASSETCATALOG_COMPILER_APPICON_NAME = AppIcon;
				ASSETCATALOG_COMPILER_GLOBAL_ACCENT_COLOR_NAME = AccentColor;
				CODE_SIGN_STYLE = Automatic;
				CURRENT_PROJECT_VERSION = 1;
				DEVELOPMENT_ASSET_PATHS = "\"CoreDataProject/Preview Content\"";
				DEVELOPMENT_TEAM = AMDFD235M9;
				ENABLE_PREVIEWS = YES;
				GENERATE_INFOPLIST_FILE = YES;
				INFOPLIST_KEY_UIApplicationSceneManifest_Generation = YES;
				INFOPLIST_KEY_UIApplicationSupportsIndirectInputEvents = YES;
				INFOPLIST_KEY_UILaunchScreen_Generation = YES;
				INFOPLIST_KEY_UISupportedInterfaceOrientations_iPad = "UIInterfaceOrientationPortrait UIInterfaceOrientationPortraitUpsideDown UIInterfaceOrientationLandscapeLeft UIInterfaceOrientationLandscapeRight";
				INFOPLIST_KEY_UISupportedInterfaceOrientations_iPhone = "UIInterfaceOrientationPortrait UIInterfaceOrientationLandscapeLeft UIInterfaceOrientationLandscapeRight";
				LD_RUNPATH_SEARCH_PATHS = (
					"$(inherited)",
					"@executable_path/Frameworks",
				);
				MARKETING_VERSION = 1.0;
				PRODUCT_BUNDLE_IDENTIFIER = dev.christopherrios.CoreDataProject;
				PRODUCT_NAME = "$(TARGET_NAME)";
				SWIFT_EMIT_LOC_STRINGS = YES;
				SWIFT_VERSION = 5.0;
				TARGETED_DEVICE_FAMILY = "1,2";
			};
			name = Debug;
		};
		0D9DF5C72AD79EBD00BF8783 /* Release */ = {
			isa = XCBuildConfiguration;
			buildSettings = {
				ASSETCATALOG_COMPILER_APPICON_NAME = AppIcon;
				ASSETCATALOG_COMPILER_GLOBAL_ACCENT_COLOR_NAME = AccentColor;
				CODE_SIGN_STYLE = Automatic;
				CURRENT_PROJECT_VERSION = 1;
				DEVELOPMENT_ASSET_PATHS = "\"CoreDataProject/Preview Content\"";
				DEVELOPMENT_TEAM = AMDFD235M9;
				ENABLE_PREVIEWS = YES;
				GENERATE_INFOPLIST_FILE = YES;
				INFOPLIST_KEY_UIApplicationSceneManifest_Generation = YES;
				INFOPLIST_KEY_UIApplicationSupportsIndirectInputEvents = YES;
				INFOPLIST_KEY_UILaunchScreen_Generation = YES;
				INFOPLIST_KEY_UISupportedInterfaceOrientations_iPad = "UIInterfaceOrientationPortrait UIInterfaceOrientationPortraitUpsideDown UIInterfaceOrientationLandscapeLeft UIInterfaceOrientationLandscapeRight";
				INFOPLIST_KEY_UISupportedInterfaceOrientations_iPhone = "UIInterfaceOrientationPortrait UIInterfaceOrientationLandscapeLeft UIInterfaceOrientationLandscapeRight";
				LD_RUNPATH_SEARCH_PATHS = (
					"$(inherited)",
					"@executable_path/Frameworks",
				);
				MARKETING_VERSION = 1.0;
				PRODUCT_BUNDLE_IDENTIFIER = dev.christopherrios.CoreDataProject;
				PRODUCT_NAME = "$(TARGET_NAME)";
				SWIFT_EMIT_LOC_STRINGS = YES;
				SWIFT_VERSION = 5.0;
				TARGETED_DEVICE_FAMILY = "1,2";
			};
			name = Release;
		};
/* End XCBuildConfiguration section */

/* Begin XCConfigurationList section */
		0D9DF5B22AD79EBB00BF8783 /* Build configuration list for PBXProject "CoreDataProject" */ = {
			isa = XCConfigurationList;
			buildConfigurations = (
				0D9DF5C32AD79EBD00BF8783 /* Debug */,
				0D9DF5C42AD79EBD00BF8783 /* Release */,
			);
			defaultConfigurationIsVisible = 0;
			defaultConfigurationName = Release;
		};
		0D9DF5C52AD79EBD00BF8783 /* Build configuration list for PBXNativeTarget "CoreDataProject" */ = {
			isa = XCConfigurationList;
			buildConfigurations = (
				0D9DF5C62AD79EBD00BF8783 /* Debug */,
				0D9DF5C72AD79EBD00BF8783 /* Release */,
			);
			defaultConfigurationIsVisible = 0;
			defaultConfigurationName = Release;
		};
/* End XCConfigurationList section */

/* Begin XCVersionGroup section */
		0D9DF5C82AD79F9600BF8783 /* CoreDataProject.xcdatamodeld */ = {
			isa = XCVersionGroup;
			children = (
				0D9DF5C92AD79F9600BF8783 /* CoreDataProject.xcdatamodel */,
			);
			currentVersion = 0D9DF5C92AD79F9600BF8783 /* CoreDataProject.xcdatamodel */;
			path = CoreDataProject.xcdatamodeld;
			sourceTree = "<group>";
			versionGroupType = wrapper.xcdatamodel;
		};
/* End XCVersionGroup section */
	};
	rootObject = 0D9DF5AF2AD79EBB00BF8783 /* Project object */;
}
